
Microsoft Visual Studio Solution File, Format Version 12.00
# Visual Studio Version 17
VisualStudioVersion = 17.9.34728.123
MinimumVisualStudioVersion = 10.0.40219.1
Project("{FAE04EC0-301F-11D3-BF4B-00C04F79EFBC}") = "assm", "assm\assm.csproj", "{D3537B6B-9162-493B-B828-6DBE9763D91C}"
EndProject
Global
	GlobalSection(SolutionConfigurationPlatforms) = preSolution
		Debug|Any CPU = Debug|Any CPU
		Release|Any CPU = Release|Any CPU
	EndGlobalSection
	GlobalSection(ProjectConfigurationPlatforms) = postSolution
		{D3537B6B-9162-493B-B828-6DBE9763D91C}.Debug|Any CPU.ActiveCfg = Debug|Any CPU
		{D3537B6B-9162-493B-B828-6DBE9763D91C}.Debug|Any CPU.Build.0 = Debug|Any CPU
		{D3537B6B-9162-493B-B828-6DBE9763D91C}.Release|Any CPU.ActiveCfg = Release|Any CPU
		{D3537B6B-9162-493B-B828-6DBE9763D91C}.Release|Any CPU.Build.0 = Release|Any CPU
	EndGlobalSection
	GlobalSection(SolutionProperties) = preSolution
		HideSolutionNode = FALSE
	EndGlobalSection
	GlobalSection(ExtensibilityGlobals) = postSolution
		SolutionGuid = {FFA338B6-7C5B-455F-9DBF-CA6ECE6DF6F5}
	EndGlobalSection
EndGlobal
